
Microsoft Visual Studio Solution File, Format Version 12.00
# Visual Studio Version 17
VisualStudioVersion = 17.5.33516.290
MinimumVisualStudioVersion = 10.0.40219.1
Project("{9A19103F-16F7-4668-BE54-9A1E7A4F7556}") = "RepoMinerCore", "RepoMiner\RepoMinerCore.csproj", "{E25D28A6-62DD-45EB-89DD-695E9A1A9A3C}"
EndProject
Project("{9A19103F-16F7-4668-BE54-9A1E7A4F7556}") = "RepoMinerWeb", "RepoMinerWeb\RepoMinerWeb.csproj", "{AB06CD82-8EAD-48CA-95CB-ECDAE1D37C67}"
EndProject
Project("{9A19103F-16F7-4668-BE54-9A1E7A4F7556}") = "RepoMinerAnalysis", "RepoMinerAnalysis\RepoMinerAnalysis.csproj", "{13F2225D-24FF-4A88-AD2C-ECE29F196BA8}"
	ProjectSection(ProjectDependencies) = postProject
		{E25D28A6-62DD-45EB-89DD-695E9A1A9A3C} = {E25D28A6-62DD-45EB-89DD-695E9A1A9A3C}
	EndProjectSection
EndProject
Global
	GlobalSection(SolutionConfigurationPlatforms) = preSolution
		Debug|Any CPU = Debug|Any CPU
		Release|Any CPU = Release|Any CPU
	EndGlobalSection
	GlobalSection(ProjectConfigurationPlatforms) = postSolution
		{E25D28A6-62DD-45EB-89DD-695E9A1A9A3C}.Debug|Any CPU.ActiveCfg = Debug|Any CPU
		{E25D28A6-62DD-45EB-89DD-695E9A1A9A3C}.Debug|Any CPU.Build.0 = Debug|Any CPU
		{E25D28A6-62DD-45EB-89DD-695E9A1A9A3C}.Release|Any CPU.ActiveCfg = Release|Any CPU
		{E25D28A6-62DD-45EB-89DD-695E9A1A9A3C}.Release|Any CPU.Build.0 = Release|Any CPU
		{AB06CD82-8EAD-48CA-95CB-ECDAE1D37C67}.Debug|Any CPU.ActiveCfg = Debug|Any CPU
		{AB06CD82-8EAD-48CA-95CB-ECDAE1D37C67}.Debug|Any CPU.Build.0 = Debug|Any CPU
		{AB06CD82-8EAD-48CA-95CB-ECDAE1D37C67}.Release|Any CPU.ActiveCfg = Release|Any CPU
		{AB06CD82-8EAD-48CA-95CB-ECDAE1D37C67}.Release|Any CPU.Build.0 = Release|Any CPU
		{13F2225D-24FF-4A88-AD2C-ECE29F196BA8}.Debug|Any CPU.ActiveCfg = Debug|Any CPU
		{13F2225D-24FF-4A88-AD2C-ECE29F196BA8}.Debug|Any CPU.Build.0 = Debug|Any CPU
		{13F2225D-24FF-4A88-AD2C-ECE29F196BA8}.Release|Any CPU.ActiveCfg = Release|Any CPU
		{13F2225D-24FF-4A88-AD2C-ECE29F196BA8}.Release|Any CPU.Build.0 = Release|Any CPU
	EndGlobalSection
	GlobalSection(SolutionProperties) = preSolution
		HideSolutionNode = FALSE
	EndGlobalSection
	GlobalSection(ExtensibilityGlobals) = postSolution
		SolutionGuid = {58FA1181-AF4C-4EF0-B3DF-E6FA0D8FAF18}
	EndGlobalSection
EndGlobal
